
Microsoft Visual Studio Solution File, Format Version 12.00
# Visual Studio Version 16
VisualStudioVersion = 16.0.31702.278
MinimumVisualStudioVersion = 10.0.40219.1
Project("{FAE04EC0-301F-11D3-BF4B-00C04F79EFBC}") = "PM2E16367.Android", "PM2E16367\PM2E16367.Android\PM2E16367.Android.csproj", "{BE91E847-B72A-44C1-8481-01CF7977659D}"
EndProject
Project("{FAE04EC0-301F-11D3-BF4B-00C04F79EFBC}") = "PM2E16367", "PM2E16367\PM2E16367\PM2E16367.csproj", "{A8800B23-5D6D-430D-89D5-B327A7FB2396}"
EndProject
Global
	GlobalSection(SolutionConfigurationPlatforms) = preSolution
		Debug|Any CPU = Debug|Any CPU
		Release|Any CPU = Release|Any CPU
	EndGlobalSection
	GlobalSection(ProjectConfigurationPlatforms) = postSolution
		{BE91E847-B72A-44C1-8481-01CF7977659D}.Debug|Any CPU.ActiveCfg = Debug|Any CPU
		{BE91E847-B72A-44C1-8481-01CF7977659D}.Debug|Any CPU.Build.0 = Debug|Any CPU
		{BE91E847-B72A-44C1-8481-01CF7977659D}.Debug|Any CPU.Deploy.0 = Debug|Any CPU
		{BE91E847-B72A-44C1-8481-01CF7977659D}.Release|Any CPU.ActiveCfg = Release|Any CPU
		{BE91E847-B72A-44C1-8481-01CF7977659D}.Release|Any CPU.Build.0 = Release|Any CPU
		{BE91E847-B72A-44C1-8481-01CF7977659D}.Release|Any CPU.Deploy.0 = Release|Any CPU
		{A8800B23-5D6D-430D-89D5-B327A7FB2396}.Debug|Any CPU.ActiveCfg = Debug|Any CPU
		{A8800B23-5D6D-430D-89D5-B327A7FB2396}.Debug|Any CPU.Build.0 = Debug|Any CPU
		{A8800B23-5D6D-430D-89D5-B327A7FB2396}.Debug|Any CPU.Deploy.0 = Debug|Any CPU
		{A8800B23-5D6D-430D-89D5-B327A7FB2396}.Release|Any CPU.ActiveCfg = Release|Any CPU
		{A8800B23-5D6D-430D-89D5-B327A7FB2396}.Release|Any CPU.Build.0 = Release|Any CPU
		{A8800B23-5D6D-430D-89D5-B327A7FB2396}.Release|Any CPU.Deploy.0 = Release|Any CPU
	EndGlobalSection
	GlobalSection(SolutionProperties) = preSolution
		HideSolutionNode = FALSE
	EndGlobalSection
	GlobalSection(ExtensibilityGlobals) = postSolution
		SolutionGuid = {0500FF01-360B-497F-8CBD-E725C0BCACDF}
	EndGlobalSection
EndGlobal
